// !$*UTF8*$!
{
	archiveVersion = 1;
	classes = {
	};
	objectVersion = 56;
	objects = {

/* Begin PBXBuildFile section */
		547F531B2902B9540018B6EF /* SearchViewController.swift in Sources */ = {isa = PBXBuildFile; fileRef = 547F531A2902B9540018B6EF /* SearchViewController.swift */; };
		54B1CF502901F3CC00338C6C /* AppDelegate.swift in Sources */ = {isa = PBXBuildFile; fileRef = 54B1CF4F2901F3CC00338C6C /* AppDelegate.swift */; };
		54B1CF522901F3CC00338C6C /* SceneDelegate.swift in Sources */ = {isa = PBXBuildFile; fileRef = 54B1CF512901F3CC00338C6C /* SceneDelegate.swift */; };
		54B1CF542901F3CC00338C6C /* ViewController.swift in Sources */ = {isa = PBXBuildFile; fileRef = 54B1CF532901F3CC00338C6C /* ViewController.swift */; };
		54B1CF572901F3CC00338C6C /* Main.storyboard in Resources */ = {isa = PBXBuildFile; fileRef = 54B1CF552901F3CC00338C6C /* Main.storyboard */; };
		54B1CF592901F3CC00338C6C /* Assets.xcassets in Resources */ = {isa = PBXBuildFile; fileRef = 54B1CF582901F3CC00338C6C /* Assets.xcassets */; };
		54B1CF5C2901F3CC00338C6C /* LaunchScreen.storyboard in Resources */ = {isa = PBXBuildFile; fileRef = 54B1CF5A2901F3CC00338C6C /* LaunchScreen.storyboard */; };
		54B1CF672901F3CC00338C6C /* MapAppTests.swift in Sources */ = {isa = PBXBuildFile; fileRef = 54B1CF662901F3CC00338C6C /* MapAppTests.swift */; };
		54B1CF712901F3CC00338C6C /* MapAppUITests.swift in Sources */ = {isa = PBXBuildFile; fileRef = 54B1CF702901F3CC00338C6C /* MapAppUITests.swift */; };
		54B1CF732901F3CC00338C6C /* MapAppUITestsLaunchTests.swift in Sources */ = {isa = PBXBuildFile; fileRef = 54B1CF722901F3CC00338C6C /* MapAppUITestsLaunchTests.swift */; };
		54F2476A2901F5FD004B6FEE /* GoogleMapsViewController.swift in Sources */ = {isa = PBXBuildFile; fileRef = 54F247692901F5FD004B6FEE /* GoogleMapsViewController.swift */; };
		54F247752902049E004B6FEE /* UniversalMapViewController.swift in Sources */ = {isa = PBXBuildFile; fileRef = 54F247742902049E004B6FEE /* UniversalMapViewController.swift */; };
		54F24777290207A2004B6FEE /* UniversalMapService.swift in Sources */ = {isa = PBXBuildFile; fileRef = 54F24776290207A2004B6FEE /* UniversalMapService.swift */; };
		54F24779290207DD004B6FEE /* UniversalMapProtocol.swift in Sources */ = {isa = PBXBuildFile; fileRef = 54F24778290207DD004B6FEE /* UniversalMapProtocol.swift */; };
		54F2477B29020C9D004B6FEE /* MapKitViewController.swift in Sources */ = {isa = PBXBuildFile; fileRef = 54F2477A29020C9D004B6FEE /* MapKitViewController.swift */; };
/* End PBXBuildFile section */

/* Begin PBXContainerItemProxy section */
		54B1CF632901F3CC00338C6C /* PBXContainerItemProxy */ = {
			isa = PBXContainerItemProxy;
			containerPortal = 54B1CF442901F3CC00338C6C /* Project object */;
			proxyType = 1;
			remoteGlobalIDString = 54B1CF4B2901F3CC00338C6C;
			remoteInfo = MapApp;
		};
		54B1CF6D2901F3CC00338C6C /* PBXContainerItemProxy */ = {
			isa = PBXContainerItemProxy;
			containerPortal = 54B1CF442901F3CC00338C6C /* Project object */;
			proxyType = 1;
			remoteGlobalIDString = 54B1CF4B2901F3CC00338C6C;
			remoteInfo = MapApp;
		};
/* End PBXContainerItemProxy section */

/* Begin PBXFileReference section */
		04CCCF7CE4FE8B5E52354D72 /* Pods-MapApp.release.xcconfig */ = {isa = PBXFileReference; includeInIndex = 1; lastKnownFileType = text.xcconfig; name = "Pods-MapApp.release.xcconfig"; path = "Target Support Files/Pods-MapApp/Pods-MapApp.release.xcconfig"; sourceTree = "<group>"; };
		1A1B8D2E7E2678898DF385A3 /* Pods-MapApp.debug.xcconfig */ = {isa = PBXFileReference; includeInIndex = 1; lastKnownFileType = text.xcconfig; name = "Pods-MapApp.debug.xcconfig"; path = "Target Support Files/Pods-MapApp/Pods-MapApp.debug.xcconfig"; sourceTree = "<group>"; };
		547F531A2902B9540018B6EF /* SearchViewController.swift */ = {isa = PBXFileReference; lastKnownFileType = sourcecode.swift; path = SearchViewController.swift; sourceTree = "<group>"; };
		54B1CF4C2901F3CC00338C6C /* MapApp.app */ = {isa = PBXFileReference; explicitFileType = wrapper.application; includeInIndex = 0; path = MapApp.app; sourceTree = BUILT_PRODUCTS_DIR; };
		54B1CF4F2901F3CC00338C6C /* AppDelegate.swift */ = {isa = PBXFileReference; lastKnownFileType = sourcecode.swift; path = AppDelegate.swift; sourceTree = "<group>"; };
		54B1CF512901F3CC00338C6C /* SceneDelegate.swift */ = {isa = PBXFileReference; lastKnownFileType = sourcecode.swift; path = SceneDelegate.swift; sourceTree = "<group>"; };
		54B1CF532901F3CC00338C6C /* ViewController.swift */ = {isa = PBXFileReference; lastKnownFileType = sourcecode.swift; path = ViewController.swift; sourceTree = "<group>"; };
		54B1CF562901F3CC00338C6C /* Base */ = {isa = PBXFileReference; lastKnownFileType = file.storyboard; name = Base; path = Base.lproj/Main.storyboard; sourceTree = "<group>"; };
		54B1CF582901F3CC00338C6C /* Assets.xcassets */ = {isa = PBXFileReference; lastKnownFileType = folder.assetcatalog; path = Assets.xcassets; sourceTree = "<group>"; };
		54B1CF5B2901F3CC00338C6C /* Base */ = {isa = PBXFileReference; lastKnownFileType = file.storyboard; name = Base; path = Base.lproj/LaunchScreen.storyboard; sourceTree = "<group>"; };
		54B1CF5D2901F3CC00338C6C /* Info.plist */ = {isa = PBXFileReference; lastKnownFileType = text.plist.xml; path = Info.plist; sourceTree = "<group>"; };
		54B1CF622901F3CC00338C6C /* MapAppTests.xctest */ = {isa = PBXFileReference; explicitFileType = wrapper.cfbundle; includeInIndex = 0; path = MapAppTests.xctest; sourceTree = BUILT_PRODUCTS_DIR; };
		54B1CF662901F3CC00338C6C /* MapAppTests.swift */ = {isa = PBXFileReference; lastKnownFileType = sourcecode.swift; path = MapAppTests.swift; sourceTree = "<group>"; };
		54B1CF6C2901F3CC00338C6C /* MapAppUITests.xctest */ = {isa = PBXFileReference; explicitFileType = wrapper.cfbundle; includeInIndex = 0; path = MapAppUITests.xctest; sourceTree = BUILT_PRODUCTS_DIR; };
		54B1CF702901F3CC00338C6C /* MapAppUITests.swift */ = {isa = PBXFileReference; lastKnownFileType = sourcecode.swift; path = MapAppUITests.swift; sourceTree = "<group>"; };
		54B1CF722901F3CC00338C6C /* MapAppUITestsLaunchTests.swift */ = {isa = PBXFileReference; lastKnownFileType = sourcecode.swift; path = MapAppUITestsLaunchTests.swift; sourceTree = "<group>"; };
		54F247692901F5FD004B6FEE /* GoogleMapsViewController.swift */ = {isa = PBXFileReference; lastKnownFileType = sourcecode.swift; path = GoogleMapsViewController.swift; sourceTree = "<group>"; };
		54F247742902049E004B6FEE /* UniversalMapViewController.swift */ = {isa = PBXFileReference; lastKnownFileType = sourcecode.swift; path = UniversalMapViewController.swift; sourceTree = "<group>"; };
		54F24776290207A2004B6FEE /* UniversalMapService.swift */ = {isa = PBXFileReference; lastKnownFileType = sourcecode.swift; path = UniversalMapService.swift; sourceTree = "<group>"; };
		54F24778290207DD004B6FEE /* UniversalMapProtocol.swift */ = {isa = PBXFileReference; lastKnownFileType = sourcecode.swift; path = UniversalMapProtocol.swift; sourceTree = "<group>"; };
		54F2477A29020C9D004B6FEE /* MapKitViewController.swift */ = {isa = PBXFileReference; lastKnownFileType = sourcecode.swift; path = MapKitViewController.swift; sourceTree = "<group>"; };
		57498DDB6F2C68BC9D3235B1 /* Pods_MapApp.framework */ = {isa = PBXFileReference; explicitFileType = wrapper.framework; includeInIndex = 0; path = Pods_MapApp.framework; sourceTree = BUILT_PRODUCTS_DIR; };
/* End PBXFileReference section */

/* Begin PBXFrameworksBuildPhase section */
		54B1CF492901F3CC00338C6C /* Frameworks */ = {
			isa = PBXFrameworksBuildPhase;
			buildActionMask = 2147483647;
			files = (
			);
			runOnlyForDeploymentPostprocessing = 0;
		};
		54B1CF5F2901F3CC00338C6C /* Frameworks */ = {
			isa = PBXFrameworksBuildPhase;
			buildActionMask = 2147483647;
			files = (
			);
			runOnlyForDeploymentPostprocessing = 0;
		};
		54B1CF692901F3CC00338C6C /* Frameworks */ = {
			isa = PBXFrameworksBuildPhase;
			buildActionMask = 2147483647;
			files = (
			);
			runOnlyForDeploymentPostprocessing = 0;
		};
/* End PBXFrameworksBuildPhase section */

/* Begin PBXGroup section */
		54B1CF432901F3CC00338C6C = {
			isa = PBXGroup;
			children = (
				54B1CF4E2901F3CC00338C6C /* MapApp */,
				54B1CF652901F3CC00338C6C /* MapAppTests */,
				54B1CF6F2901F3CC00338C6C /* MapAppUITests */,
				54B1CF4D2901F3CC00338C6C /* Products */,
				BB7D920BCEEB37E8FFCF5126 /* Pods */,
				614FF03F6ED3DA8285FAAEEE /* Frameworks */,
			);
			sourceTree = "<group>";
		};
		54B1CF4D2901F3CC00338C6C /* Products */ = {
			isa = PBXGroup;
			children = (
				54B1CF4C2901F3CC00338C6C /* MapApp.app */,
				54B1CF622901F3CC00338C6C /* MapAppTests.xctest */,
				54B1CF6C2901F3CC00338C6C /* MapAppUITests.xctest */,
			);
			name = Products;
			sourceTree = "<group>";
		};
		54B1CF4E2901F3CC00338C6C /* MapApp */ = {
			isa = PBXGroup;
			children = (
				54F24773290203C6004B6FEE /* Delegates */,
				54F2477029020395004B6FEE /* Services */,
				54F2476F2902037C004B6FEE /* ViewConrollers */,
				54B1CF552901F3CC00338C6C /* Main.storyboard */,
				54B1CF582901F3CC00338C6C /* Assets.xcassets */,
				54B1CF5A2901F3CC00338C6C /* LaunchScreen.storyboard */,
				54B1CF5D2901F3CC00338C6C /* Info.plist */,
			);
			path = MapApp;
			sourceTree = "<group>";
		};
		54B1CF652901F3CC00338C6C /* MapAppTests */ = {
			isa = PBXGroup;
			children = (
				54B1CF662901F3CC00338C6C /* MapAppTests.swift */,
			);
			path = MapAppTests;
			sourceTree = "<group>";
		};
		54B1CF6F2901F3CC00338C6C /* MapAppUITests */ = {
			isa = PBXGroup;
			children = (
				54B1CF702901F3CC00338C6C /* MapAppUITests.swift */,
				54B1CF722901F3CC00338C6C /* MapAppUITestsLaunchTests.swift */,
			);
			path = MapAppUITests;
			sourceTree = "<group>";
		};
		54F2476F2902037C004B6FEE /* ViewConrollers */ = {
			isa = PBXGroup;
			children = (
				54B1CF532901F3CC00338C6C /* ViewController.swift */,
				54F247742902049E004B6FEE /* UniversalMapViewController.swift */,
				54F247692901F5FD004B6FEE /* GoogleMapsViewController.swift */,
				54F2477A29020C9D004B6FEE /* MapKitViewController.swift */,
				547F531A2902B9540018B6EF /* SearchViewController.swift */,
			);
			path = ViewConrollers;
			sourceTree = "<group>";
		};
		54F2477029020395004B6FEE /* Services */ = {
			isa = PBXGroup;
			children = (
				54F24776290207A2004B6FEE /* UniversalMapService.swift */,
				54F24778290207DD004B6FEE /* UniversalMapProtocol.swift */,
			);
			path = Services;
			sourceTree = "<group>";
		};
		54F24773290203C6004B6FEE /* Delegates */ = {
			isa = PBXGroup;
			children = (
				54B1CF4F2901F3CC00338C6C /* AppDelegate.swift */,
				54B1CF512901F3CC00338C6C /* SceneDelegate.swift */,
			);
			path = Delegates;
			sourceTree = "<group>";
		};
		614FF03F6ED3DA8285FAAEEE /* Frameworks */ = {
			isa = PBXGroup;
			children = (
				57498DDB6F2C68BC9D3235B1 /* Pods_MapApp.framework */,
			);
			name = Frameworks;
			sourceTree = "<group>";
		};
		BB7D920BCEEB37E8FFCF5126 /* Pods */ = {
			isa = PBXGroup;
			children = (
				1A1B8D2E7E2678898DF385A3 /* Pods-MapApp.debug.xcconfig */,
				04CCCF7CE4FE8B5E52354D72 /* Pods-MapApp.release.xcconfig */,
			);
			path = Pods;
			sourceTree = "<group>";
		};
/* End PBXGroup section */

/* Begin PBXNativeTarget section */
		54B1CF4B2901F3CC00338C6C /* MapApp */ = {
			isa = PBXNativeTarget;
			buildConfigurationList = 54B1CF762901F3CC00338C6C /* Build configuration list for PBXNativeTarget "MapApp" */;
			buildPhases = (
				8F4F0ED4A9E0693D9FC55812 /* [CP] Check Pods Manifest.lock */,
				54B1CF482901F3CC00338C6C /* Sources */,
				54B1CF492901F3CC00338C6C /* Frameworks */,
				54B1CF4A2901F3CC00338C6C /* Resources */,
				80373E61D40C79B6BC7333BF /* [CP] Copy Pods Resources */,
			);
			buildRules = (
			);
			dependencies = (
			);
			name = MapApp;
			productName = MapApp;
			productReference = 54B1CF4C2901F3CC00338C6C /* MapApp.app */;
			productType = "com.apple.product-type.application";
		};
		54B1CF612901F3CC00338C6C /* MapAppTests */ = {
			isa = PBXNativeTarget;
			buildConfigurationList = 54B1CF792901F3CC00338C6C /* Build configuration list for PBXNativeTarget "MapAppTests" */;
			buildPhases = (
				54B1CF5E2901F3CC00338C6C /* Sources */,
				54B1CF5F2901F3CC00338C6C /* Frameworks */,
				54B1CF602901F3CC00338C6C /* Resources */,
			);
			buildRules = (
			);
			dependencies = (
				54B1CF642901F3CC00338C6C /* PBXTargetDependency */,
			);
			name = MapAppTests;
			productName = MapAppTests;
			productReference = 54B1CF622901F3CC00338C6C /* MapAppTests.xctest */;
			productType = "com.apple.product-type.bundle.unit-test";
		};
		54B1CF6B2901F3CC00338C6C /* MapAppUITests */ = {
			isa = PBXNativeTarget;
			buildConfigurationList = 54B1CF7C2901F3CC00338C6C /* Build configuration list for PBXNativeTarget "MapAppUITests" */;
			buildPhases = (
				54B1CF682901F3CC00338C6C /* Sources */,
				54B1CF692901F3CC00338C6C /* Frameworks */,
				54B1CF6A2901F3CC00338C6C /* Resources */,
			);
			buildRules = (
			);
			dependencies = (
				54B1CF6E2901F3CC00338C6C /* PBXTargetDependency */,
			);
			name = MapAppUITests;
			productName = MapAppUITests;
			productReference = 54B1CF6C2901F3CC00338C6C /* MapAppUITests.xctest */;
			productType = "com.apple.product-type.bundle.ui-testing";
		};
/* End PBXNativeTarget section */

/* Begin PBXProject section */
		54B1CF442901F3CC00338C6C /* Project object */ = {
			isa = PBXProject;
			attributes = {
				BuildIndependentTargetsInParallel = 1;
				LastSwiftUpdateCheck = 1400;
				LastUpgradeCheck = 1400;
				TargetAttributes = {
					54B1CF4B2901F3CC00338C6C = {
						CreatedOnToolsVersion = 14.0.1;
					};
					54B1CF612901F3CC00338C6C = {
						CreatedOnToolsVersion = 14.0.1;
						TestTargetID = 54B1CF4B2901F3CC00338C6C;
					};
					54B1CF6B2901F3CC00338C6C = {
						CreatedOnToolsVersion = 14.0.1;
						TestTargetID = 54B1CF4B2901F3CC00338C6C;
					};
				};
			};
			buildConfigurationList = 54B1CF472901F3CC00338C6C /* Build configuration list for PBXProject "MapApp" */;
			compatibilityVersion = "Xcode 14.0";
			developmentRegion = en;
			hasScannedForEncodings = 0;
			knownRegions = (
				en,
				Base,
			);
			mainGroup = 54B1CF432901F3CC00338C6C;
			productRefGroup = 54B1CF4D2901F3CC00338C6C /* Products */;
			projectDirPath = "";
			projectRoot = "";
			targets = (
				54B1CF4B2901F3CC00338C6C /* MapApp */,
				54B1CF612901F3CC00338C6C /* MapAppTests */,
				54B1CF6B2901F3CC00338C6C /* MapAppUITests */,
			);
		};
/* End PBXProject section */

/* Begin PBXResourcesBuildPhase section */
		54B1CF4A2901F3CC00338C6C /* Resources */ = {
			isa = PBXResourcesBuildPhase;
			buildActionMask = 2147483647;
			files = (
				54B1CF5C2901F3CC00338C6C /* LaunchScreen.storyboard in Resources */,
				54B1CF592901F3CC00338C6C /* Assets.xcassets in Resources */,
				54B1CF572901F3CC00338C6C /* Main.storyboard in Resources */,
			);
			runOnlyForDeploymentPostprocessing = 0;
		};
		54B1CF602901F3CC00338C6C /* Resources */ = {
			isa = PBXResourcesBuildPhase;
			buildActionMask = 2147483647;
			files = (
			);
			runOnlyForDeploymentPostprocessing = 0;
		};
		54B1CF6A2901F3CC00338C6C /* Resources */ = {
			isa = PBXResourcesBuildPhase;
			buildActionMask = 2147483647;
			files = (
			);
			runOnlyForDeploymentPostprocessing = 0;
		};
/* End PBXResourcesBuildPhase section */

/* Begin PBXShellScriptBuildPhase section */
		80373E61D40C79B6BC7333BF /* [CP] Copy Pods Resources */ = {
			isa = PBXShellScriptBuildPhase;
			buildActionMask = 2147483647;
			files = (
			);
			inputFileListPaths = (
				"${PODS_ROOT}/Target Support Files/Pods-MapApp/Pods-MapApp-resources-${CONFIGURATION}-input-files.xcfilelist",
			);
			name = "[CP] Copy Pods Resources";
			outputFileListPaths = (
				"${PODS_ROOT}/Target Support Files/Pods-MapApp/Pods-MapApp-resources-${CONFIGURATION}-output-files.xcfilelist",
			);
			runOnlyForDeploymentPostprocessing = 0;
			shellPath = /bin/sh;
			shellScript = "\"${PODS_ROOT}/Target Support Files/Pods-MapApp/Pods-MapApp-resources.sh\"\n";
			showEnvVarsInLog = 0;
		};
		8F4F0ED4A9E0693D9FC55812 /* [CP] Check Pods Manifest.lock */ = {
			isa = PBXShellScriptBuildPhase;
			buildActionMask = 2147483647;
			files = (
			);
			inputFileListPaths = (
			);
			inputPaths = (
				"${PODS_PODFILE_DIR_PATH}/Podfile.lock",
				"${PODS_ROOT}/Manifest.lock",
			);
			name = "[CP] Check Pods Manifest.lock";
			outputFileListPaths = (
			);
			outputPaths = (
				"$(DERIVED_FILE_DIR)/Pods-MapApp-checkManifestLockResult.txt",
			);
			runOnlyForDeploymentPostprocessing = 0;
			shellPath = /bin/sh;
			shellScript = "diff \"${PODS_PODFILE_DIR_PATH}/Podfile.lock\" \"${PODS_ROOT}/Manifest.lock\" > /dev/null\nif [ $? != 0 ] ; then\n    # print error to STDERR\n    echo \"error: The sandbox is not in sync with the Podfile.lock. Run 'pod install' or update your CocoaPods installation.\" >&2\n    exit 1\nfi\n# This output is used by Xcode 'outputs' to avoid re-running this script phase.\necho \"SUCCESS\" > \"${SCRIPT_OUTPUT_FILE_0}\"\n";
			showEnvVarsInLog = 0;
		};
/* End PBXShellScriptBuildPhase section */

/* Begin PBXSourcesBuildPhase section */
		54B1CF482901F3CC00338C6C /* Sources */ = {
			isa = PBXSourcesBuildPhase;
			buildActionMask = 2147483647;
			files = (
				54F24779290207DD004B6FEE /* UniversalMapProtocol.swift in Sources */,
				54F247752902049E004B6FEE /* UniversalMapViewController.swift in Sources */,
				54F2477B29020C9D004B6FEE /* MapKitViewController.swift in Sources */,
				547F531B2902B9540018B6EF /* SearchViewController.swift in Sources */,
				54B1CF542901F3CC00338C6C /* ViewController.swift in Sources */,
				54F24777290207A2004B6FEE /* UniversalMapService.swift in Sources */,
				54B1CF502901F3CC00338C6C /* AppDelegate.swift in Sources */,
				54F2476A2901F5FD004B6FEE /* GoogleMapsViewController.swift in Sources */,
				54B1CF522901F3CC00338C6C /* SceneDelegate.swift in Sources */,
			);
			runOnlyForDeploymentPostprocessing = 0;
		};
		54B1CF5E2901F3CC00338C6C /* Sources */ = {
			isa = PBXSourcesBuildPhase;
			buildActionMask = 2147483647;
			files = (
				54B1CF672901F3CC00338C6C /* MapAppTests.swift in Sources */,
			);
			runOnlyForDeploymentPostprocessing = 0;
		};
		54B1CF682901F3CC00338C6C /* Sources */ = {
			isa = PBXSourcesBuildPhase;
			buildActionMask = 2147483647;
			files = (
				54B1CF712901F3CC00338C6C /* MapAppUITests.swift in Sources */,
				54B1CF732901F3CC00338C6C /* MapAppUITestsLaunchTests.swift in Sources */,
			);
			runOnlyForDeploymentPostprocessing = 0;
		};
/* End PBXSourcesBuildPhase section */

/* Begin PBXTargetDependency section */
		54B1CF642901F3CC00338C6C /* PBXTargetDependency */ = {
			isa = PBXTargetDependency;
			target = 54B1CF4B2901F3CC00338C6C /* MapApp */;
			targetProxy = 54B1CF632901F3CC00338C6C /* PBXContainerItemProxy */;
		};
		54B1CF6E2901F3CC00338C6C /* PBXTargetDependency */ = {
			isa = PBXTargetDependency;
			target = 54B1CF4B2901F3CC00338C6C /* MapApp */;
			targetProxy = 54B1CF6D2901F3CC00338C6C /* PBXContainerItemProxy */;
		};
/* End PBXTargetDependency section */

/* Begin PBXVariantGroup section */
		54B1CF552901F3CC00338C6C /* Main.storyboard */ = {
			isa = PBXVariantGroup;
			children = (
				54B1CF562901F3CC00338C6C /* Base */,
			);
			name = Main.storyboard;
			sourceTree = "<group>";
		};
		54B1CF5A2901F3CC00338C6C /* LaunchScreen.storyboard */ = {
			isa = PBXVariantGroup;
			children = (
				54B1CF5B2901F3CC00338C6C /* Base */,
			);
			name = LaunchScreen.storyboard;
			sourceTree = "<group>";
		};
/* End PBXVariantGroup section */

/* Begin XCBuildConfiguration section */
		54B1CF742901F3CC00338C6C /* Debug */ = {
			isa = XCBuildConfiguration;
			buildSettings = {
				ALWAYS_SEARCH_USER_PATHS = NO;
				CLANG_ANALYZER_NONNULL = YES;
				CLANG_ANALYZER_NUMBER_OBJECT_CONVERSION = YES_AGGRESSIVE;
				CLANG_CXX_LANGUAGE_STANDARD = "gnu++20";
				CLANG_ENABLE_MODULES = YES;
				CLANG_ENABLE_OBJC_ARC = YES;
				CLANG_ENABLE_OBJC_WEAK = YES;
				CLANG_WARN_BLOCK_CAPTURE_AUTORELEASING = YES;
				CLANG_WARN_BOOL_CONVERSION = YES;
				CLANG_WARN_COMMA = YES;
				CLANG_WARN_CONSTANT_CONVERSION = YES;
				CLANG_WARN_DEPRECATED_OBJC_IMPLEMENTATIONS = YES;
				CLANG_WARN_DIRECT_OBJC_ISA_USAGE = YES_ERROR;
				CLANG_WARN_DOCUMENTATION_COMMENTS = YES;
				CLANG_WARN_EMPTY_BODY = YES;
				CLANG_WARN_ENUM_CONVERSION = YES;
				CLANG_WARN_INFINITE_RECURSION = YES;
				CLANG_WARN_INT_CONVERSION = YES;
				CLANG_WARN_NON_LITERAL_NULL_CONVERSION = YES;
				CLANG_WARN_OBJC_IMPLICIT_RETAIN_SELF = YES;
				CLANG_WARN_OBJC_LITERAL_CONVERSION = YES;
				CLANG_WARN_OBJC_ROOT_CLASS = YES_ERROR;
				CLANG_WARN_QUOTED_INCLUDE_IN_FRAMEWORK_HEADER = YES;
				CLANG_WARN_RANGE_LOOP_ANALYSIS = YES;
				CLANG_WARN_STRICT_PROTOTYPES = YES;
				CLANG_WARN_SUSPICIOUS_MOVE = YES;
				CLANG_WARN_UNGUARDED_AVAILABILITY = YES_AGGRESSIVE;
				CLANG_WARN_UNREACHABLE_CODE = YES;
				CLANG_WARN__DUPLICATE_METHOD_MATCH = YES;
				COPY_PHASE_STRIP = NO;
				DEBUG_INFORMATION_FORMAT = dwarf;
				ENABLE_STRICT_OBJC_MSGSEND = YES;
				ENABLE_TESTABILITY = YES;
				GCC_C_LANGUAGE_STANDARD = gnu11;
				GCC_DYNAMIC_NO_PIC = NO;
				GCC_NO_COMMON_BLOCKS = YES;
				GCC_OPTIMIZATION_LEVEL = 0;
				GCC_PREPROCESSOR_DEFINITIONS = (
					"DEBUG=1",
					"$(inherited)",
				);
				GCC_WARN_64_TO_32_BIT_CONVERSION = YES;
				GCC_WARN_ABOUT_RETURN_TYPE = YES_ERROR;
				GCC_WARN_UNDECLARED_SELECTOR = YES;
				GCC_WARN_UNINITIALIZED_AUTOS = YES_AGGRESSIVE;
				GCC_WARN_UNUSED_FUNCTION = YES;
				GCC_WARN_UNUSED_VARIABLE = YES;
				IPHONEOS_DEPLOYMENT_TARGET = 16.0;
				MTL_ENABLE_DEBUG_INFO = INCLUDE_SOURCE;
				MTL_FAST_MATH = YES;
				ONLY_ACTIVE_ARCH = YES;
				SDKROOT = iphoneos;
				SWIFT_ACTIVE_COMPILATION_CONDITIONS = DEBUG;
				SWIFT_OPTIMIZATION_LEVEL = "-Onone";
			};
			name = Debug;
		};
		54B1CF752901F3CC00338C6C /* Release */ = {
			isa = XCBuildConfiguration;
			buildSettings = {
				ALWAYS_SEARCH_USER_PATHS = NO;
				CLANG_ANALYZER_NONNULL = YES;
				CLANG_ANALYZER_NUMBER_OBJECT_CONVERSION = YES_AGGRESSIVE;
				CLANG_CXX_LANGUAGE_STANDARD = "gnu++20";
				CLANG_ENABLE_MODULES = YES;
				CLANG_ENABLE_OBJC_ARC = YES;
				CLANG_ENABLE_OBJC_WEAK = YES;
				CLANG_WARN_BLOCK_CAPTURE_AUTORELEASING = YES;
				CLANG_WARN_BOOL_CONVERSION = YES;
				CLANG_WARN_COMMA = YES;
				CLANG_WARN_CONSTANT_CONVERSION = YES;
				CLANG_WARN_DEPRECATED_OBJC_IMPLEMENTATIONS = YES;
				CLANG_WARN_DIRECT_OBJC_ISA_USAGE = YES_ERROR;
				CLANG_WARN_DOCUMENTATION_COMMENTS = YES;
				CLANG_WARN_EMPTY_BODY = YES;
				CLANG_WARN_ENUM_CONVERSION = YES;
				CLANG_WARN_INFINITE_RECURSION = YES;
				CLANG_WARN_INT_CONVERSION = YES;
				CLANG_WARN_NON_LITERAL_NULL_CONVERSION = YES;
				CLANG_WARN_OBJC_IMPLICIT_RETAIN_SELF = YES;
				CLANG_WARN_OBJC_LITERAL_CONVERSION = YES;
				CLANG_WARN_OBJC_ROOT_CLASS = YES_ERROR;
				CLANG_WARN_QUOTED_INCLUDE_IN_FRAMEWORK_HEADER = YES;
				CLANG_WARN_RANGE_LOOP_ANALYSIS = YES;
				CLANG_WARN_STRICT_PROTOTYPES = YES;
				CLANG_WARN_SUSPICIOUS_MOVE = YES;
				CLANG_WARN_UNGUARDED_AVAILABILITY = YES_AGGRESSIVE;
				CLANG_WARN_UNREACHABLE_CODE = YES;
				CLANG_WARN__DUPLICATE_METHOD_MATCH = YES;
				COPY_PHASE_STRIP = NO;
				DEBUG_INFORMATION_FORMAT = "dwarf-with-dsym";
				ENABLE_NS_ASSERTIONS = NO;
				ENABLE_STRICT_OBJC_MSGSEND = YES;
				GCC_C_LANGUAGE_STANDARD = gnu11;
				GCC_NO_COMMON_BLOCKS = YES;
				GCC_WARN_64_TO_32_BIT_CONVERSION = YES;
				GCC_WARN_ABOUT_RETURN_TYPE = YES_ERROR;
				GCC_WARN_UNDECLARED_SELECTOR = YES;
				GCC_WARN_UNINITIALIZED_AUTOS = YES_AGGRESSIVE;
				GCC_WARN_UNUSED_FUNCTION = YES;
				GCC_WARN_UNUSED_VARIABLE = YES;
				IPHONEOS_DEPLOYMENT_TARGET = 16.0;
				MTL_ENABLE_DEBUG_INFO = NO;
				MTL_FAST_MATH = YES;
				SDKROOT = iphoneos;
				SWIFT_COMPILATION_MODE = wholemodule;
				SWIFT_OPTIMIZATION_LEVEL = "-O";
				VALIDATE_PRODUCT = YES;
			};
			name = Release;
		};
		54B1CF772901F3CC00338C6C /* Debug */ = {
			isa = XCBuildConfiguration;
			baseConfigurationReference = 1A1B8D2E7E2678898DF385A3 /* Pods-MapApp.debug.xcconfig */;
			buildSettings = {
				ASSETCATALOG_COMPILER_APPICON_NAME = AppIcon;
				ASSETCATALOG_COMPILER_GLOBAL_ACCENT_COLOR_NAME = AccentColor;
				CODE_SIGN_STYLE = Automatic;
				CURRENT_PROJECT_VERSION = 1;
				EXCLUDED_ARCHS = arm64;
				GENERATE_INFOPLIST_FILE = YES;
				INFOPLIST_FILE = MapApp/Info.plist;
				INFOPLIST_KEY_UIApplicationSupportsIndirectInputEvents = YES;
				INFOPLIST_KEY_UILaunchStoryboardName = LaunchScreen;
				INFOPLIST_KEY_UIMainStoryboardFile = Main;
				INFOPLIST_KEY_UISupportedInterfaceOrientations_iPad = "UIInterfaceOrientationPortrait UIInterfaceOrientationPortraitUpsideDown UIInterfaceOrientationLandscapeLeft UIInterfaceOrientationLandscapeRight";
				INFOPLIST_KEY_UISupportedInterfaceOrientations_iPhone = "UIInterfaceOrientationPortrait UIInterfaceOrientationLandscapeLeft UIInterfaceOrientationLandscapeRight";
				IPHONEOS_DEPLOYMENT_TARGET = 16.0;
				LD_RUNPATH_SEARCH_PATHS = (
					"$(inherited)",
					"@executable_path/Frameworks",
				);
				MARKETING_VERSION = 1.0;
				PRODUCT_BUNDLE_IDENTIFIER = ua.edu.ukma.MapApp;
				PRODUCT_NAME = "$(TARGET_NAME)";
				SWIFT_EMIT_LOC_STRINGS = YES;
				SWIFT_VERSION = 5.0;
				TARGETED_DEVICE_FAMILY = "1,2";
			};
			name = Debug;
		};
		54B1CF782901F3CC00338C6C /* Release */ = {
			isa = XCBuildConfiguration;
			baseConfigurationReference = 04CCCF7CE4FE8B5E52354D72 /* Pods-MapApp.release.xcconfig */;
			buildSettings = {
				ASSETCATALOG_COMPILER_APPICON_NAME = AppIcon;
				ASSETCATALOG_COMPILER_GLOBAL_ACCENT_COLOR_NAME = AccentColor;
				CODE_SIGN_STYLE = Automatic;
				CURRENT_PROJECT_VERSION = 1;
				EXCLUDED_ARCHS = arm64;
				GENERATE_INFOPLIST_FILE = YES;
				INFOPLIST_FILE = MapApp/Info.plist;
				INFOPLIST_KEY_UIApplicationSupportsIndirectInputEvents = YES;
				INFOPLIST_KEY_UILaunchStoryboardName = LaunchScreen;
				INFOPLIST_KEY_UIMainStoryboardFile = Main;
				INFOPLIST_KEY_UISupportedInterfaceOrientations_iPad = "UIInterfaceOrientationPortrait UIInterfaceOrientationPortraitUpsideDown UIInterfaceOrientationLandscapeLeft UIInterfaceOrientationLandscapeRight";
				INFOPLIST_KEY_UISupportedInterfaceOrientations_iPhone = "UIInterfaceOrientationPortrait UIInterfaceOrientationLandscapeLeft UIInterfaceOrientationLandscapeRight";
				IPHONEOS_DEPLOYMENT_TARGET = 16.0;
				LD_RUNPATH_SEARCH_PATHS = (
					"$(inherited)",
					"@executable_path/Frameworks",
				);
				MARKETING_VERSION = 1.0;
				PRODUCT_BUNDLE_IDENTIFIER = ua.edu.ukma.MapApp;
				PRODUCT_NAME = "$(TARGET_NAME)";
				SWIFT_EMIT_LOC_STRINGS = YES;
				SWIFT_VERSION = 5.0;
				TARGETED_DEVICE_FAMILY = "1,2";
			};
			name = Release;
		};
		54B1CF7A2901F3CC00338C6C /* Debug */ = {
			isa = XCBuildConfiguration;
			buildSettings = {
				ALWAYS_EMBED_SWIFT_STANDARD_LIBRARIES = YES;
				BUNDLE_LOADER = "$(TEST_HOST)";
				CODE_SIGN_STYLE = Automatic;
				CURRENT_PROJECT_VERSION = 1;
				GENERATE_INFOPLIST_FILE = YES;
				IPHONEOS_DEPLOYMENT_TARGET = 16.0;
				MARKETING_VERSION = 1.0;
				PRODUCT_BUNDLE_IDENTIFIER = ua.edu.ukma.MapAppTests;
				PRODUCT_NAME = "$(TARGET_NAME)";
				SWIFT_EMIT_LOC_STRINGS = NO;
				SWIFT_VERSION = 5.0;
				TARGETED_DEVICE_FAMILY = "1,2";
				TEST_HOST = "$(BUILT_PRODUCTS_DIR)/MapApp.app/$(BUNDLE_EXECUTABLE_FOLDER_PATH)/MapApp";
			};
			name = Debug;
		};
		54B1CF7B2901F3CC00338C6C /* Release */ = {
			isa = XCBuildConfiguration;
			buildSettings = {
				ALWAYS_EMBED_SWIFT_STANDARD_LIBRARIES = YES;
				BUNDLE_LOADER = "$(TEST_HOST)";
				CODE_SIGN_STYLE = Automatic;
				CURRENT_PROJECT_VERSION = 1;
				GENERATE_INFOPLIST_FILE = YES;
				IPHONEOS_DEPLOYMENT_TARGET = 16.0;
				MARKETING_VERSION = 1.0;
				PRODUCT_BUNDLE_IDENTIFIER = ua.edu.ukma.MapAppTests;
				PRODUCT_NAME = "$(TARGET_NAME)";
				SWIFT_EMIT_LOC_STRINGS = NO;
				SWIFT_VERSION = 5.0;
				TARGETED_DEVICE_FAMILY = "1,2";
				TEST_HOST = "$(BUILT_PRODUCTS_DIR)/MapApp.app/$(BUNDLE_EXECUTABLE_FOLDER_PATH)/MapApp";
			};
			name = Release;
		};
		54B1CF7D2901F3CC00338C6C /* Debug */ = {
			isa = XCBuildConfiguration;
			buildSettings = {
				ALWAYS_EMBED_SWIFT_STANDARD_LIBRARIES = YES;
				CODE_SIGN_STYLE = Automatic;
				CURRENT_PROJECT_VERSION = 1;
				GENERATE_INFOPLIST_FILE = YES;
				MARKETING_VERSION = 1.0;
				PRODUCT_BUNDLE_IDENTIFIER = ua.edu.ukma.MapAppUITests;
				PRODUCT_NAME = "$(TARGET_NAME)";
				SWIFT_EMIT_LOC_STRINGS = NO;
				SWIFT_VERSION = 5.0;
				TARGETED_DEVICE_FAMILY = "1,2";
				TEST_TARGET_NAME = MapApp;
			};
			name = Debug;
		};
		54B1CF7E2901F3CC00338C6C /* Release */ = {
			isa = XCBuildConfiguration;
			buildSettings = {
				ALWAYS_EMBED_SWIFT_STANDARD_LIBRARIES = YES;
				CODE_SIGN_STYLE = Automatic;
				CURRENT_PROJECT_VERSION = 1;
				GENERATE_INFOPLIST_FILE = YES;
				MARKETING_VERSION = 1.0;
				PRODUCT_BUNDLE_IDENTIFIER = ua.edu.ukma.MapAppUITests;
				PRODUCT_NAME = "$(TARGET_NAME)";
				SWIFT_EMIT_LOC_STRINGS = NO;
				SWIFT_VERSION = 5.0;
				TARGETED_DEVICE_FAMILY = "1,2";
				TEST_TARGET_NAME = MapApp;
			};
			name = Release;
		};
/* End XCBuildConfiguration section */

/* Begin XCConfigurationList section */
		54B1CF472901F3CC00338C6C /* Build configuration list for PBXProject "MapApp" */ = {
			isa = XCConfigurationList;
			buildConfigurations = (
				54B1CF742901F3CC00338C6C /* Debug */,
				54B1CF752901F3CC00338C6C /* Release */,
			);
			defaultConfigurationIsVisible = 0;
			defaultConfigurationName = Release;
		};
		54B1CF762901F3CC00338C6C /* Build configuration list for PBXNativeTarget "MapApp" */ = {
			isa = XCConfigurationList;
			buildConfigurations = (
				54B1CF772901F3CC00338C6C /* Debug */,
				54B1CF782901F3CC00338C6C /* Release */,
			);
			defaultConfigurationIsVisible = 0;
			defaultConfigurationName = Release;
		};
		54B1CF792901F3CC00338C6C /* Build configuration list for PBXNativeTarget "MapAppTests" */ = {
			isa = XCConfigurationList;
			buildConfigurations = (
				54B1CF7A2901F3CC00338C6C /* Debug */,
				54B1CF7B2901F3CC00338C6C /* Release */,
			);
			defaultConfigurationIsVisible = 0;
			defaultConfigurationName = Release;
		};
		54B1CF7C2901F3CC00338C6C /* Build configuration list for PBXNativeTarget "MapAppUITests" */ = {
			isa = XCConfigurationList;
			buildConfigurations = (
				54B1CF7D2901F3CC00338C6C /* Debug */,
				54B1CF7E2901F3CC00338C6C /* Release */,
			);
			defaultConfigurationIsVisible = 0;
			defaultConfigurationName = Release;
		};
/* End XCConfigurationList section */
	};
	rootObject = 54B1CF442901F3CC00338C6C /* Project object */;
}
